// !$*UTF8*$!
{
	archiveVersion = 1;
	classes = {
	};
	objectVersion = 48;
	objects = {

/* Begin PBXBuildFile section */
		8D5B9AE32069829F005D1185 /* FoodLogView.swift in Sources */ = {isa = PBXBuildFile; fileRef = 8D5B9AE22069829F005D1185 /* FoodLogView.swift */; };
		8D5B9AE5206982FA005D1185 /* AddFoodView.swift in Sources */ = {isa = PBXBuildFile; fileRef = 8D5B9AE4206982FA005D1185 /* AddFoodView.swift */; };
		8D76D04B206C9A6A009612BE /* caloriesDisplayView.swift in Sources */ = {isa = PBXBuildFile; fileRef = 8D76D04A206C9A6A009612BE /* caloriesDisplayView.swift */; };
		8D76D04D206C9A76009612BE /* stepsDisplayView.swift in Sources */ = {isa = PBXBuildFile; fileRef = 8D76D04C206C9A76009612BE /* stepsDisplayView.swift */; };
		8D76D04F206C9A86009612BE /* weightDisplayView.swift in Sources */ = {isa = PBXBuildFile; fileRef = 8D76D04E206C9A86009612BE /* weightDisplayView.swift */; };
		8D76D051206CC34D009612BE /* GoogleService-Info.plist in Resources */ = {isa = PBXBuildFile; fileRef = 8D76D050206CC34D009612BE /* GoogleService-Info.plist */; };
		8DA8D79C206328DF004E2D29 /* AppDelegate.swift in Sources */ = {isa = PBXBuildFile; fileRef = 8DA8D79B206328DF004E2D29 /* AppDelegate.swift */; };
		8DA8D79E206328DF004E2D29 /* HomeView.swift in Sources */ = {isa = PBXBuildFile; fileRef = 8DA8D79D206328DF004E2D29 /* HomeView.swift */; };
		8DA8D7A1206328DF004E2D29 /* Main.storyboard in Resources */ = {isa = PBXBuildFile; fileRef = 8DA8D79F206328DF004E2D29 /* Main.storyboard */; };
		8DA8D7A3206328DF004E2D29 /* Assets.xcassets in Resources */ = {isa = PBXBuildFile; fileRef = 8DA8D7A2206328DF004E2D29 /* Assets.xcassets */; };
		8DA8D7A6206328DF004E2D29 /* LaunchScreen.storyboard in Resources */ = {isa = PBXBuildFile; fileRef = 8DA8D7A4206328DF004E2D29 /* LaunchScreen.storyboard */; };
		8DE393CC206EB2F3002CAD3A /* loginController.swift in Sources */ = {isa = PBXBuildFile; fileRef = 8DE393CB206EB2F3002CAD3A /* loginController.swift */; };
		8DE393CE206EBE33002CAD3A /* registerController.swift in Sources */ = {isa = PBXBuildFile; fileRef = 8DE393CD206EBE33002CAD3A /* registerController.swift */; };
		E019ECA49A518368580015AE /* Pods_FitLog.framework in Frameworks */ = {isa = PBXBuildFile; fileRef = E7FCF30350836F085060C767 /* Pods_FitLog.framework */; };
/* End PBXBuildFile section */

/* Begin PBXFileReference section */
		8BCD2241CD32690C3D79E1C2 /* Pods-FitLog.release.xcconfig */ = {isa = PBXFileReference; includeInIndex = 1; lastKnownFileType = text.xcconfig; name = "Pods-FitLog.release.xcconfig"; path = "Pods/Target Support Files/Pods-FitLog/Pods-FitLog.release.xcconfig"; sourceTree = "<group>"; };
		8D5B9AE22069829F005D1185 /* FoodLogView.swift */ = {isa = PBXFileReference; lastKnownFileType = sourcecode.swift; path = FoodLogView.swift; sourceTree = "<group>"; };
		8D5B9AE4206982FA005D1185 /* AddFoodView.swift */ = {isa = PBXFileReference; lastKnownFileType = sourcecode.swift; path = AddFoodView.swift; sourceTree = "<group>"; };
		8D76D04A206C9A6A009612BE /* caloriesDisplayView.swift */ = {isa = PBXFileReference; lastKnownFileType = sourcecode.swift; path = caloriesDisplayView.swift; sourceTree = "<group>"; };
		8D76D04C206C9A76009612BE /* stepsDisplayView.swift */ = {isa = PBXFileReference; lastKnownFileType = sourcecode.swift; path = stepsDisplayView.swift; sourceTree = "<group>"; };
		8D76D04E206C9A86009612BE /* weightDisplayView.swift */ = {isa = PBXFileReference; lastKnownFileType = sourcecode.swift; path = weightDisplayView.swift; sourceTree = "<group>"; };
		8D76D050206CC34D009612BE /* GoogleService-Info.plist */ = {isa = PBXFileReference; fileEncoding = 4; lastKnownFileType = text.plist.xml; path = "GoogleService-Info.plist"; sourceTree = "<group>"; };
		8DA8D798206328DF004E2D29 /* FitLog.app */ = {isa = PBXFileReference; explicitFileType = wrapper.application; includeInIndex = 0; path = FitLog.app; sourceTree = BUILT_PRODUCTS_DIR; };
		8DA8D79B206328DF004E2D29 /* AppDelegate.swift */ = {isa = PBXFileReference; lastKnownFileType = sourcecode.swift; path = AppDelegate.swift; sourceTree = "<group>"; };
		8DA8D79D206328DF004E2D29 /* HomeView.swift */ = {isa = PBXFileReference; lastKnownFileType = sourcecode.swift; path = HomeView.swift; sourceTree = "<group>"; };
		8DA8D7A0206328DF004E2D29 /* Base */ = {isa = PBXFileReference; lastKnownFileType = file.storyboard; name = Base; path = Base.lproj/Main.storyboard; sourceTree = "<group>"; };
		8DA8D7A2206328DF004E2D29 /* Assets.xcassets */ = {isa = PBXFileReference; lastKnownFileType = folder.assetcatalog; path = Assets.xcassets; sourceTree = "<group>"; };
		8DA8D7A5206328DF004E2D29 /* Base */ = {isa = PBXFileReference; lastKnownFileType = file.storyboard; name = Base; path = Base.lproj/LaunchScreen.storyboard; sourceTree = "<group>"; };
		8DA8D7A7206328DF004E2D29 /* Info.plist */ = {isa = PBXFileReference; lastKnownFileType = text.plist.xml; path = Info.plist; sourceTree = "<group>"; };
		8DE393CB206EB2F3002CAD3A /* loginController.swift */ = {isa = PBXFileReference; lastKnownFileType = sourcecode.swift; path = loginController.swift; sourceTree = "<group>"; };
		8DE393CD206EBE33002CAD3A /* registerController.swift */ = {isa = PBXFileReference; lastKnownFileType = sourcecode.swift; path = registerController.swift; sourceTree = "<group>"; };
		E7FCF30350836F085060C767 /* Pods_FitLog.framework */ = {isa = PBXFileReference; explicitFileType = wrapper.framework; includeInIndex = 0; path = Pods_FitLog.framework; sourceTree = BUILT_PRODUCTS_DIR; };
		F70DDEE93F3E517169BD962C /* Pods-FitLog.debug.xcconfig */ = {isa = PBXFileReference; includeInIndex = 1; lastKnownFileType = text.xcconfig; name = "Pods-FitLog.debug.xcconfig"; path = "Pods/Target Support Files/Pods-FitLog/Pods-FitLog.debug.xcconfig"; sourceTree = "<group>"; };
/* End PBXFileReference section */

/* Begin PBXFrameworksBuildPhase section */
		8DA8D795206328DF004E2D29 /* Frameworks */ = {
			isa = PBXFrameworksBuildPhase;
			buildActionMask = 2147483647;
			files = (
				E019ECA49A518368580015AE /* Pods_FitLog.framework in Frameworks */,
			);
			runOnlyForDeploymentPostprocessing = 0;
		};
/* End PBXFrameworksBuildPhase section */

/* Begin PBXGroup section */
		427840360EE1C8F09CBDF3A1 /* Pods */ = {
			isa = PBXGroup;
			children = (
				F70DDEE93F3E517169BD962C /* Pods-FitLog.debug.xcconfig */,
				8BCD2241CD32690C3D79E1C2 /* Pods-FitLog.release.xcconfig */,
			);
			name = Pods;
			sourceTree = "<group>";
		};
		8DA8D78F206328DF004E2D29 = {
			isa = PBXGroup;
			children = (
				8DA8D79A206328DF004E2D29 /* FitLog */,
				8DA8D799206328DF004E2D29 /* Products */,
				427840360EE1C8F09CBDF3A1 /* Pods */,
				99D826BBADB225DE39AD475E /* Frameworks */,
			);
			sourceTree = "<group>";
		};
		8DA8D799206328DF004E2D29 /* Products */ = {
			isa = PBXGroup;
			children = (
				8DA8D798206328DF004E2D29 /* FitLog.app */,
			);
			name = Products;
			sourceTree = "<group>";
		};
		8DA8D79A206328DF004E2D29 /* FitLog */ = {
			isa = PBXGroup;
			children = (
				8DA8D79B206328DF004E2D29 /* AppDelegate.swift */,
				8DA8D79D206328DF004E2D29 /* HomeView.swift */,
				8D5B9AE22069829F005D1185 /* FoodLogView.swift */,
				8D5B9AE4206982FA005D1185 /* AddFoodView.swift */,
				8DE393CB206EB2F3002CAD3A /* loginController.swift */,
				8DE393CD206EBE33002CAD3A /* registerController.swift */,
				8DA8D79F206328DF004E2D29 /* Main.storyboard */,
				8D76D04A206C9A6A009612BE /* caloriesDisplayView.swift */,
				8D76D04C206C9A76009612BE /* stepsDisplayView.swift */,
				8D76D04E206C9A86009612BE /* weightDisplayView.swift */,
				8DA8D7A2206328DF004E2D29 /* Assets.xcassets */,
				8DA8D7A4206328DF004E2D29 /* LaunchScreen.storyboard */,
				8DA8D7A7206328DF004E2D29 /* Info.plist */,
				8D76D050206CC34D009612BE /* GoogleService-Info.plist */,
			);
			path = FitLog;
			sourceTree = "<group>";
		};
		99D826BBADB225DE39AD475E /* Frameworks */ = {
			isa = PBXGroup;
			children = (
				E7FCF30350836F085060C767 /* Pods_FitLog.framework */,
			);
			name = Frameworks;
			sourceTree = "<group>";
		};
/* End PBXGroup section */

/* Begin PBXNativeTarget section */
		8DA8D797206328DF004E2D29 /* FitLog */ = {
			isa = PBXNativeTarget;
			buildConfigurationList = 8DA8D7AA206328DF004E2D29 /* Build configuration list for PBXNativeTarget "FitLog" */;
			buildPhases = (
				6B04D8247DACA2CF8961E186 /* [CP] Check Pods Manifest.lock */,
				8DA8D794206328DF004E2D29 /* Sources */,
				8DA8D795206328DF004E2D29 /* Frameworks */,
				8DA8D796206328DF004E2D29 /* Resources */,
				8CE593E577594B5FB0F2E21D /* [CP] Embed Pods Frameworks */,
				92830237B128B5F85E0C8EFF /* [CP] Copy Pods Resources */,
			);
			buildRules = (
			);
			dependencies = (
			);
			name = FitLog;
			productName = FitLog;
			productReference = 8DA8D798206328DF004E2D29 /* FitLog.app */;
			productType = "com.apple.product-type.application";
		};
/* End PBXNativeTarget section */

/* Begin PBXProject section */
		8DA8D790206328DF004E2D29 /* Project object */ = {
			isa = PBXProject;
			attributes = {
				LastSwiftUpdateCheck = 0920;
				LastUpgradeCheck = 0920;
				ORGANIZATIONNAME = Jack;
				TargetAttributes = {
					8DA8D797206328DF004E2D29 = {
						CreatedOnToolsVersion = 9.2;
						ProvisioningStyle = Automatic;
					};
				};
			};
			buildConfigurationList = 8DA8D793206328DF004E2D29 /* Build configuration list for PBXProject "FitLog" */;
			compatibilityVersion = "Xcode 8.0";
			developmentRegion = en;
			hasScannedForEncodings = 0;
			knownRegions = (
				en,
				Base,
			);
			mainGroup = 8DA8D78F206328DF004E2D29;
			productRefGroup = 8DA8D799206328DF004E2D29 /* Products */;
			projectDirPath = "";
			projectRoot = "";
			targets = (
				8DA8D797206328DF004E2D29 /* FitLog */,
			);
		};
/* End PBXProject section */

/* Begin PBXResourcesBuildPhase section */
		8DA8D796206328DF004E2D29 /* Resources */ = {
			isa = PBXResourcesBuildPhase;
			buildActionMask = 2147483647;
			files = (
				8DA8D7A6206328DF004E2D29 /* LaunchScreen.storyboard in Resources */,
				8D76D051206CC34D009612BE /* GoogleService-Info.plist in Resources */,
				8DA8D7A3206328DF004E2D29 /* Assets.xcassets in Resources */,
				8DA8D7A1206328DF004E2D29 /* Main.storyboard in Resources */,
			);
			runOnlyForDeploymentPostprocessing = 0;
		};
/* End PBXResourcesBuildPhase section */

/* Begin PBXShellScriptBuildPhase section */
		6B04D8247DACA2CF8961E186 /* [CP] Check Pods Manifest.lock */ = {
			isa = PBXShellScriptBuildPhase;
			buildActionMask = 2147483647;
			files = (
			);
			inputPaths = (
				"${PODS_PODFILE_DIR_PATH}/Podfile.lock",
				"${PODS_ROOT}/Manifest.lock",
			);
			name = "[CP] Check Pods Manifest.lock";
			outputPaths = (
				"$(DERIVED_FILE_DIR)/Pods-FitLog-checkManifestLockResult.txt",
			);
			runOnlyForDeploymentPostprocessing = 0;
			shellPath = /bin/sh;
			shellScript = "diff \"${PODS_PODFILE_DIR_PATH}/Podfile.lock\" \"${PODS_ROOT}/Manifest.lock\" > /dev/null\nif [ $? != 0 ] ; then\n    # print error to STDERR\n    echo \"error: The sandbox is not in sync with the Podfile.lock. Run 'pod install' or update your CocoaPods installation.\" >&2\n    exit 1\nfi\n# This output is used by Xcode 'outputs' to avoid re-running this script phase.\necho \"SUCCESS\" > \"${SCRIPT_OUTPUT_FILE_0}\"\n";
			showEnvVarsInLog = 0;
		};
		8CE593E577594B5FB0F2E21D /* [CP] Embed Pods Frameworks */ = {
			isa = PBXShellScriptBuildPhase;
			buildActionMask = 2147483647;
			files = (
			);
			inputPaths = (
				"${SRCROOT}/Pods/Target Support Files/Pods-FitLog/Pods-FitLog-frameworks.sh",
				"${BUILT_PRODUCTS_DIR}/Alamofire/Alamofire.framework",
				"${BUILT_PRODUCTS_DIR}/Charts/Charts.framework",
				"${BUILT_PRODUCTS_DIR}/GTMSessionFetcher/GTMSessionFetcher.framework",
				"${BUILT_PRODUCTS_DIR}/GoogleToolboxForMac/GoogleToolboxForMac.framework",
				"${BUILT_PRODUCTS_DIR}/leveldb-library/leveldb.framework",
				"${BUILT_PRODUCTS_DIR}/nanopb/nanopb.framework",
			);
			name = "[CP] Embed Pods Frameworks";
			outputPaths = (
				"${TARGET_BUILD_DIR}/${FRAMEWORKS_FOLDER_PATH}/Alamofire.framework",
				"${TARGET_BUILD_DIR}/${FRAMEWORKS_FOLDER_PATH}/Charts.framework",
				"${TARGET_BUILD_DIR}/${FRAMEWORKS_FOLDER_PATH}/GTMSessionFetcher.framework",
				"${TARGET_BUILD_DIR}/${FRAMEWORKS_FOLDER_PATH}/GoogleToolboxForMac.framework",
				"${TARGET_BUILD_DIR}/${FRAMEWORKS_FOLDER_PATH}/leveldb.framework",
				"${TARGET_BUILD_DIR}/${FRAMEWORKS_FOLDER_PATH}/nanopb.framework",
			);
			runOnlyForDeploymentPostprocessing = 0;
			shellPath = /bin/sh;
			shellScript = "\"${SRCROOT}/Pods/Target Support Files/Pods-FitLog/Pods-FitLog-frameworks.sh\"\n";
			showEnvVarsInLog = 0;
		};
		92830237B128B5F85E0C8EFF /* [CP] Copy Pods Resources */ = {
			isa = PBXShellScriptBuildPhase;
			buildActionMask = 2147483647;
			files = (
			);
			inputPaths = (
			);
			name = "[CP] Copy Pods Resources";
			outputPaths = (
			);
			runOnlyForDeploymentPostprocessing = 0;
			shellPath = /bin/sh;
			shellScript = "\"${SRCROOT}/Pods/Target Support Files/Pods-FitLog/Pods-FitLog-resources.sh\"\n";
			showEnvVarsInLog = 0;
		};
/* End PBXShellScriptBuildPhase section */

/* Begin PBXSourcesBuildPhase section */
		8DA8D794206328DF004E2D29 /* Sources */ = {
			isa = PBXSourcesBuildPhase;
			buildActionMask = 2147483647;
			files = (
				8D5B9AE5206982FA005D1185 /* AddFoodView.swift in Sources */,
				8DE393CC206EB2F3002CAD3A /* loginController.swift in Sources */,
				8DA8D79E206328DF004E2D29 /* HomeView.swift in Sources */,
				8DE393CE206EBE33002CAD3A /* registerController.swift in Sources */,
				8D76D04D206C9A76009612BE /* stepsDisplayView.swift in Sources */,
				8D76D04F206C9A86009612BE /* weightDisplayView.swift in Sources */,
				8D5B9AE32069829F005D1185 /* FoodLogView.swift in Sources */,
				8DA8D79C206328DF004E2D29 /* AppDelegate.swift in Sources */,
				8D76D04B206C9A6A009612BE /* caloriesDisplayView.swift in Sources */,
			);
			runOnlyForDeploymentPostprocessing = 0;
		};
/* End PBXSourcesBuildPhase section */

/* Begin PBXVariantGroup section */
		8DA8D79F206328DF004E2D29 /* Main.storyboard */ = {
			isa = PBXVariantGroup;
			children = (
				8DA8D7A0206328DF004E2D29 /* Base */,
			);
			name = Main.storyboard;
			sourceTree = "<group>";
		};
		8DA8D7A4206328DF004E2D29 /* LaunchScreen.storyboard */ = {
			isa = PBXVariantGroup;
			children = (
				8DA8D7A5206328DF004E2D29 /* Base */,
			);
			name = LaunchScreen.storyboard;
			sourceTree = "<group>";
		};
/* End PBXVariantGroup section */

/* Begin XCBuildConfiguration section */
		8DA8D7A8206328DF004E2D29 /* Debug */ = {
			isa = XCBuildConfiguration;
			buildSettings = {
				ALWAYS_SEARCH_USER_PATHS = NO;
				CLANG_ANALYZER_NONNULL = YES;
				CLANG_ANALYZER_NUMBER_OBJECT_CONVERSION = YES_AGGRESSIVE;
				CLANG_CXX_LANGUAGE_STANDARD = "gnu++14";
				CLANG_CXX_LIBRARY = "libc++";
				CLANG_ENABLE_MODULES = YES;
				CLANG_ENABLE_OBJC_ARC = YES;
				CLANG_WARN_BLOCK_CAPTURE_AUTORELEASING = YES;
				CLANG_WARN_BOOL_CONVERSION = YES;
				CLANG_WARN_COMMA = YES;
				CLANG_WARN_CONSTANT_CONVERSION = YES;
				CLANG_WARN_DIRECT_OBJC_ISA_USAGE = YES_ERROR;
				CLANG_WARN_DOCUMENTATION_COMMENTS = YES;
				CLANG_WARN_EMPTY_BODY = YES;
				CLANG_WARN_ENUM_CONVERSION = YES;
				CLANG_WARN_INFINITE_RECURSION = YES;
				CLANG_WARN_INT_CONVERSION = YES;
				CLANG_WARN_NON_LITERAL_NULL_CONVERSION = YES;
				CLANG_WARN_OBJC_LITERAL_CONVERSION = YES;
				CLANG_WARN_OBJC_ROOT_CLASS = YES_ERROR;
				CLANG_WARN_RANGE_LOOP_ANALYSIS = YES;
				CLANG_WARN_STRICT_PROTOTYPES = YES;
				CLANG_WARN_SUSPICIOUS_MOVE = YES;
				CLANG_WARN_UNGUARDED_AVAILABILITY = YES_AGGRESSIVE;
				CLANG_WARN_UNREACHABLE_CODE = YES;
				CLANG_WARN__DUPLICATE_METHOD_MATCH = YES;
				CODE_SIGN_IDENTITY = "iPhone Developer";
				COPY_PHASE_STRIP = NO;
				DEBUG_INFORMATION_FORMAT = dwarf;
				ENABLE_STRICT_OBJC_MSGSEND = YES;
				ENABLE_TESTABILITY = YES;
				GCC_C_LANGUAGE_STANDARD = gnu11;
				GCC_DYNAMIC_NO_PIC = NO;
				GCC_NO_COMMON_BLOCKS = YES;
				GCC_OPTIMIZATION_LEVEL = 0;
				GCC_PREPROCESSOR_DEFINITIONS = (
					"DEBUG=1",
					"$(inherited)",
				);
				GCC_WARN_64_TO_32_BIT_CONVERSION = YES;
				GCC_WARN_ABOUT_RETURN_TYPE = YES_ERROR;
				GCC_WARN_UNDECLARED_SELECTOR = YES;
				GCC_WARN_UNINITIALIZED_AUTOS = YES_AGGRESSIVE;
				GCC_WARN_UNUSED_FUNCTION = YES;
				GCC_WARN_UNUSED_VARIABLE = YES;
				IPHONEOS_DEPLOYMENT_TARGET = 11.2;
				MTL_ENABLE_DEBUG_INFO = YES;
				ONLY_ACTIVE_ARCH = YES;
				SDKROOT = iphoneos;
				SWIFT_ACTIVE_COMPILATION_CONDITIONS = DEBUG;
				SWIFT_OPTIMIZATION_LEVEL = "-Onone";
			};
			name = Debug;
		};
		8DA8D7A9206328DF004E2D29 /* Release */ = {
			isa = XCBuildConfiguration;
			buildSettings = {
				ALWAYS_SEARCH_USER_PATHS = NO;
				CLANG_ANALYZER_NONNULL = YES;
				CLANG_ANALYZER_NUMBER_OBJECT_CONVERSION = YES_AGGRESSIVE;
				CLANG_CXX_LANGUAGE_STANDARD = "gnu++14";
				CLANG_CXX_LIBRARY = "libc++";
				CLANG_ENABLE_MODULES = YES;
				CLANG_ENABLE_OBJC_ARC = YES;
				CLANG_WARN_BLOCK_CAPTURE_AUTORELEASING = YES;
				CLANG_WARN_BOOL_CONVERSION = YES;
				CLANG_WARN_COMMA = YES;
				CLANG_WARN_CONSTANT_CONVERSION = YES;
				CLANG_WARN_DIRECT_OBJC_ISA_USAGE = YES_ERROR;
				CLANG_WARN_DOCUMENTATION_COMMENTS = YES;
				CLANG_WARN_EMPTY_BODY = YES;
				CLANG_WARN_ENUM_CONVERSION = YES;
				CLANG_WARN_INFINITE_RECURSION = YES;
				CLANG_WARN_INT_CONVERSION = YES;
				CLANG_WARN_NON_LITERAL_NULL_CONVERSION = YES;
				CLANG_WARN_OBJC_LITERAL_CONVERSION = YES;
				CLANG_WARN_OBJC_ROOT_CLASS = YES_ERROR;
				CLANG_WARN_RANGE_LOOP_ANALYSIS = YES;
				CLANG_WARN_STRICT_PROTOTYPES = YES;
				CLANG_WARN_SUSPICIOUS_MOVE = YES;
				CLANG_WARN_UNGUARDED_AVAILABILITY = YES_AGGRESSIVE;
				CLANG_WARN_UNREACHABLE_CODE = YES;
				CLANG_WARN__DUPLICATE_METHOD_MATCH = YES;
				CODE_SIGN_IDENTITY = "iPhone Developer";
				COPY_PHASE_STRIP = NO;
				DEBUG_INFORMATION_FORMAT = "dwarf-with-dsym";
				ENABLE_NS_ASSERTIONS = NO;
				ENABLE_STRICT_OBJC_MSGSEND = YES;
				GCC_C_LANGUAGE_STANDARD = gnu11;
				GCC_NO_COMMON_BLOCKS = YES;
				GCC_WARN_64_TO_32_BIT_CONVERSION = YES;
				GCC_WARN_ABOUT_RETURN_TYPE = YES_ERROR;
				GCC_WARN_UNDECLARED_SELECTOR = YES;
				GCC_WARN_UNINITIALIZED_AUTOS = YES_AGGRESSIVE;
				GCC_WARN_UNUSED_FUNCTION = YES;
				GCC_WARN_UNUSED_VARIABLE = YES;
				IPHONEOS_DEPLOYMENT_TARGET = 11.2;
				MTL_ENABLE_DEBUG_INFO = NO;
				SDKROOT = iphoneos;
				SWIFT_OPTIMIZATION_LEVEL = "-Owholemodule";
				VALIDATE_PRODUCT = YES;
			};
			name = Release;
		};
		8DA8D7AB206328DF004E2D29 /* Debug */ = {
			isa = XCBuildConfiguration;
			baseConfigurationReference = F70DDEE93F3E517169BD962C /* Pods-FitLog.debug.xcconfig */;
			buildSettings = {
				ASSETCATALOG_COMPILER_APPICON_NAME = AppIcon;
				CODE_SIGN_STYLE = Automatic;
				INFOPLIST_FILE = FitLog/Info.plist;
				LD_RUNPATH_SEARCH_PATHS = "$(inherited) @executable_path/Frameworks";
				PRODUCT_BUNDLE_IDENTIFIER = Tolton.FitLog;
				PRODUCT_NAME = "$(TARGET_NAME)";
				SWIFT_VERSION = 4.0;
				TARGETED_DEVICE_FAMILY = "1,2";
			};
			name = Debug;
		};
		8DA8D7AC206328DF004E2D29 /* Release */ = {
			isa = XCBuildConfiguration;
			baseConfigurationReference = 8BCD2241CD32690C3D79E1C2 /* Pods-FitLog.release.xcconfig */;
			buildSettings = {
				ASSETCATALOG_COMPILER_APPICON_NAME = AppIcon;
				CODE_SIGN_STYLE = Automatic;
				INFOPLIST_FILE = FitLog/Info.plist;
				LD_RUNPATH_SEARCH_PATHS = "$(inherited) @executable_path/Frameworks";
				PRODUCT_BUNDLE_IDENTIFIER = Tolton.FitLog;
				PRODUCT_NAME = "$(TARGET_NAME)";
				SWIFT_VERSION = 4.0;
				TARGETED_DEVICE_FAMILY = "1,2";
			};
			name = Release;
		};
/* End XCBuildConfiguration section */

/* Begin XCConfigurationList section */
		8DA8D793206328DF004E2D29 /* Build configuration list for PBXProject "FitLog" */ = {
			isa = XCConfigurationList;
			buildConfigurations = (
				8DA8D7A8206328DF004E2D29 /* Debug */,
				8DA8D7A9206328DF004E2D29 /* Release */,
			);
			defaultConfigurationIsVisible = 0;
			defaultConfigurationName = Release;
		};
		8DA8D7AA206328DF004E2D29 /* Build configuration list for PBXNativeTarget "FitLog" */ = {
			isa = XCConfigurationList;
			buildConfigurations = (
				8DA8D7AB206328DF004E2D29 /* Debug */,
				8DA8D7AC206328DF004E2D29 /* Release */,
			);
			defaultConfigurationIsVisible = 0;
			defaultConfigurationName = Release;
		};
/* End XCConfigurationList section */
	};
	rootObject = 8DA8D790206328DF004E2D29 /* Project object */;
}
